
Microsoft Visual Studio Solution File, Format Version 12.00
# Visual Studio Version 18
VisualStudioVersion = 18.0.11205.157 d18.0
MinimumVisualStudioVersion = 10.0.40219.1
Project("{FAE04EC0-301F-11D3-BF4B-00C04F79EFBC}") = "Common", "Common\Common.csproj", "{96BB041A-3FDE-400F-ADDA-9DB19F3274BE}"
EndProject
Project("{FAE04EC0-301F-11D3-BF4B-00C04F79EFBC}") = "Job.Download", "Job.Download\Job.Download.csproj", "{A496C8A4-472D-4F9F-840A-31A767813E90}"
EndProject
Project("{FAE04EC0-301F-11D3-BF4B-00C04F79EFBC}") = "Job.Upload", "Job.Upload\Job.Upload.csproj", "{E6153D36-8360-40AC-98A8-AA1E3B9B3C29}"
EndProject
Project("{FAE04EC0-301F-11D3-BF4B-00C04F79EFBC}") = "Job.ProcessingMonitor", "Job.ProcessingMonitor\Job.ProcessingMonitor.csproj", "{A6771465-3C32-4998-BCE4-91C7951D93F5}"
EndProject
Project("{FAE04EC0-301F-11D3-BF4B-00C04F79EFBC}") = "Scheduler", "Scheduler\Scheduler.csproj", "{5D170B4B-148D-4A10-9A20-281098B811B1}"
EndProject
Project("{FAE04EC0-301F-11D3-BF4B-00C04F79EFBC}") = "Job.Import", "Job.Import\Job.Import.csproj", "{EBDCC3F9-0BFF-4F31-A3E8-B2E730F5AB93}"
EndProject
Project("{FAE04EC0-301F-11D3-BF4B-00C04F79EFBC}") = "Job.ExecutionMonitor", "Job.ExecutionMonitor\Job.ExecutionMonitor.csproj", "{00702884-FFD3-47FA-B2DC-65377865ABAE}"
EndProject
Project("{FAE04EC0-301F-11D3-BF4B-00C04F79EFBC}") = "Job.Export", "Job.Export\Job.Export.csproj", "{8E9BC494-6962-48DC-BC55-4E159E5517D3}"
EndProject
Project("{2150E333-8FDC-42A3-9474-1A3956D46DE8}") = "Solution Items", "Solution Items", "{A902F0D3-E545-4D02-9621-A80F7BA83D26}"
	ProjectSection(SolutionItems) = preProject
		Version.cs = Version.cs
	EndProjectSection
EndProject
Project("{FAE04EC0-301F-11D3-BF4B-00C04F79EFBC}") = "Server", "Server\Server.csproj", "{A83C017E-6A29-4039-8970-46AB95BEE619}"
EndProject
Project("{FAE04EC0-301F-11D3-BF4B-00C04F79EFBC}") = "Common.Tests", "Common.Tests\Common.Tests.csproj", "{8F1E0A08-4CBE-4190-BFEE-5E911A7C794A}"
EndProject
Project("{FAE04EC0-301F-11D3-BF4B-00C04F79EFBC}") = "TestCommon", "Tests\TestCommon\TestCommon.csproj", "{F9662BC3-EE4B-421D-A5CB-0FBECAA1114B}"
EndProject
Project("{FAE04EC0-301F-11D3-BF4B-00C04F79EFBC}") = "Job.Upload.Tests", "Tests\Job.Upload.Tests\Job.Upload.Tests.csproj", "{6289547F-203C-4A66-8505-471BEB312D0D}"
EndProject
Project("{FAE04EC0-301F-11D3-BF4B-00C04F79EFBC}") = "Job.Download.Tests", "Tests\Job.Download.Tests\Job.Download.Tests.csproj", "{F388A1AC-8000-4BB0-AFE7-64EFEDD904FD}"
EndProject
Project("{FAE04EC0-301F-11D3-BF4B-00C04F79EFBC}") = "Job.Import.Tests", "Tests\Job.Import.Tests\Job.Import.Tests.csproj", "{FF407D2F-0BF1-43D0-9CD1-50ECB5CA0AA9}"
EndProject
Project("{FAE04EC0-301F-11D3-BF4B-00C04F79EFBC}") = "Job.Export.Tests", "Tests\Job.Export.Tests\Job.Export.Tests.csproj", "{7808905A-F3E9-43F7-9213-2ADED9F6834A}"
EndProject
Project("{FAE04EC0-301F-11D3-BF4B-00C04F79EFBC}") = "Job.ExecutionMonitor.Tests", "Tests\Job.ExecutionMonitor.Tests\Job.ExecutionMonitor.Tests.csproj", "{8009ADEC-B464-4E95-A52F-BEDBEF2253CC}"
EndProject
Project("{FAE04EC0-301F-11D3-BF4B-00C04F79EFBC}") = "Job.ProcessingMonitor.Tests", "Tests\Job.ProcessingMonitor.Tests\Job.ProcessingMonitor.Tests.csproj", "{A69FF8F2-2405-4B6D-9CFC-5D2C86A8CB6A}"
EndProject
Project("{FAE04EC0-301F-11D3-BF4B-00C04F79EFBC}") = "Scheduler.Tests", "Tests\Scheduler.Tests\Scheduler.Tests.csproj", "{3ED89888-D69D-4709-93C2-BA242249B245}"
EndProject
Global
	GlobalSection(SolutionConfigurationPlatforms) = preSolution
		Debug|Any CPU = Debug|Any CPU
		Debug|x86 = Debug|x86
		Release|Any CPU = Release|Any CPU
		Release|x86 = Release|x86
	EndGlobalSection
	GlobalSection(ProjectConfigurationPlatforms) = postSolution
		{96BB041A-3FDE-400F-ADDA-9DB19F3274BE}.Debug|Any CPU.ActiveCfg = Debug|Any CPU
		{96BB041A-3FDE-400F-ADDA-9DB19F3274BE}.Debug|Any CPU.Build.0 = Debug|Any CPU
		{96BB041A-3FDE-400F-ADDA-9DB19F3274BE}.Debug|x86.ActiveCfg = Debug|Any CPU
		{96BB041A-3FDE-400F-ADDA-9DB19F3274BE}.Debug|x86.Build.0 = Debug|Any CPU
		{96BB041A-3FDE-400F-ADDA-9DB19F3274BE}.Release|Any CPU.ActiveCfg = Release|Any CPU
		{96BB041A-3FDE-400F-ADDA-9DB19F3274BE}.Release|Any CPU.Build.0 = Release|Any CPU
		{96BB041A-3FDE-400F-ADDA-9DB19F3274BE}.Release|x86.ActiveCfg = Release|Any CPU
		{96BB041A-3FDE-400F-ADDA-9DB19F3274BE}.Release|x86.Build.0 = Release|Any CPU
		{A496C8A4-472D-4F9F-840A-31A767813E90}.Debug|Any CPU.ActiveCfg = Debug|Any CPU
		{A496C8A4-472D-4F9F-840A-31A767813E90}.Debug|Any CPU.Build.0 = Debug|Any CPU
		{A496C8A4-472D-4F9F-840A-31A767813E90}.Debug|x86.ActiveCfg = Debug|Any CPU
		{A496C8A4-472D-4F9F-840A-31A767813E90}.Debug|x86.Build.0 = Debug|Any CPU
		{A496C8A4-472D-4F9F-840A-31A767813E90}.Release|Any CPU.ActiveCfg = Release|Any CPU
		{A496C8A4-472D-4F9F-840A-31A767813E90}.Release|Any CPU.Build.0 = Release|Any CPU
		{A496C8A4-472D-4F9F-840A-31A767813E90}.Release|x86.ActiveCfg = Release|Any CPU
		{A496C8A4-472D-4F9F-840A-31A767813E90}.Release|x86.Build.0 = Release|Any CPU
		{E6153D36-8360-40AC-98A8-AA1E3B9B3C29}.Debug|Any CPU.ActiveCfg = Debug|Any CPU
		{E6153D36-8360-40AC-98A8-AA1E3B9B3C29}.Debug|Any CPU.Build.0 = Debug|Any CPU
		{E6153D36-8360-40AC-98A8-AA1E3B9B3C29}.Debug|x86.ActiveCfg = Debug|Any CPU
		{E6153D36-8360-40AC-98A8-AA1E3B9B3C29}.Debug|x86.Build.0 = Debug|Any CPU
		{E6153D36-8360-40AC-98A8-AA1E3B9B3C29}.Release|Any CPU.ActiveCfg = Release|Any CPU
		{E6153D36-8360-40AC-98A8-AA1E3B9B3C29}.Release|Any CPU.Build.0 = Release|Any CPU
		{E6153D36-8360-40AC-98A8-AA1E3B9B3C29}.Release|x86.ActiveCfg = Release|Any CPU
		{E6153D36-8360-40AC-98A8-AA1E3B9B3C29}.Release|x86.Build.0 = Release|Any CPU
		{A6771465-3C32-4998-BCE4-91C7951D93F5}.Debug|Any CPU.ActiveCfg = Debug|Any CPU
		{A6771465-3C32-4998-BCE4-91C7951D93F5}.Debug|Any CPU.Build.0 = Debug|Any CPU
		{A6771465-3C32-4998-BCE4-91C7951D93F5}.Debug|x86.ActiveCfg = Debug|Any CPU
		{A6771465-3C32-4998-BCE4-91C7951D93F5}.Debug|x86.Build.0 = Debug|Any CPU
		{A6771465-3C32-4998-BCE4-91C7951D93F5}.Release|Any CPU.ActiveCfg = Release|Any CPU
		{A6771465-3C32-4998-BCE4-91C7951D93F5}.Release|Any CPU.Build.0 = Release|Any CPU
		{A6771465-3C32-4998-BCE4-91C7951D93F5}.Release|x86.ActiveCfg = Release|Any CPU
		{A6771465-3C32-4998-BCE4-91C7951D93F5}.Release|x86.Build.0 = Release|Any CPU
		{5D170B4B-148D-4A10-9A20-281098B811B1}.Debug|Any CPU.ActiveCfg = Debug|Any CPU
		{5D170B4B-148D-4A10-9A20-281098B811B1}.Debug|Any CPU.Build.0 = Debug|Any CPU
		{5D170B4B-148D-4A10-9A20-281098B811B1}.Debug|x86.ActiveCfg = Debug|Any CPU
		{5D170B4B-148D-4A10-9A20-281098B811B1}.Debug|x86.Build.0 = Debug|Any CPU
		{5D170B4B-148D-4A10-9A20-281098B811B1}.Release|Any CPU.ActiveCfg = Release|Any CPU
		{5D170B4B-148D-4A10-9A20-281098B811B1}.Release|Any CPU.Build.0 = Release|Any CPU
		{5D170B4B-148D-4A10-9A20-281098B811B1}.Release|x86.ActiveCfg = Release|Any CPU
		{5D170B4B-148D-4A10-9A20-281098B811B1}.Release|x86.Build.0 = Release|Any CPU
		{EBDCC3F9-0BFF-4F31-A3E8-B2E730F5AB93}.Debug|Any CPU.ActiveCfg = Debug|Any CPU
		{EBDCC3F9-0BFF-4F31-A3E8-B2E730F5AB93}.Debug|Any CPU.Build.0 = Debug|Any CPU
		{EBDCC3F9-0BFF-4F31-A3E8-B2E730F5AB93}.Debug|x86.ActiveCfg = Debug|Any CPU
		{EBDCC3F9-0BFF-4F31-A3E8-B2E730F5AB93}.Debug|x86.Build.0 = Debug|Any CPU
		{EBDCC3F9-0BFF-4F31-A3E8-B2E730F5AB93}.Release|Any CPU.ActiveCfg = Release|Any CPU
		{EBDCC3F9-0BFF-4F31-A3E8-B2E730F5AB93}.Release|Any CPU.Build.0 = Release|Any CPU
		{EBDCC3F9-0BFF-4F31-A3E8-B2E730F5AB93}.Release|x86.ActiveCfg = Release|Any CPU
		{EBDCC3F9-0BFF-4F31-A3E8-B2E730F5AB93}.Release|x86.Build.0 = Release|Any CPU
		{00702884-FFD3-47FA-B2DC-65377865ABAE}.Debug|Any CPU.ActiveCfg = Debug|Any CPU
		{00702884-FFD3-47FA-B2DC-65377865ABAE}.Debug|Any CPU.Build.0 = Debug|Any CPU
		{00702884-FFD3-47FA-B2DC-65377865ABAE}.Debug|x86.ActiveCfg = Debug|Any CPU
		{00702884-FFD3-47FA-B2DC-65377865ABAE}.Debug|x86.Build.0 = Debug|Any CPU
		{00702884-FFD3-47FA-B2DC-65377865ABAE}.Release|Any CPU.ActiveCfg = Release|Any CPU
		{00702884-FFD3-47FA-B2DC-65377865ABAE}.Release|Any CPU.Build.0 = Release|Any CPU
		{00702884-FFD3-47FA-B2DC-65377865ABAE}.Release|x86.ActiveCfg = Release|Any CPU
		{00702884-FFD3-47FA-B2DC-65377865ABAE}.Release|x86.Build.0 = Release|Any CPU
		{8E9BC494-6962-48DC-BC55-4E159E5517D3}.Debug|Any CPU.ActiveCfg = Debug|Any CPU
		{8E9BC494-6962-48DC-BC55-4E159E5517D3}.Debug|Any CPU.Build.0 = Debug|Any CPU
		{8E9BC494-6962-48DC-BC55-4E159E5517D3}.Debug|x86.ActiveCfg = Debug|Any CPU
		{8E9BC494-6962-48DC-BC55-4E159E5517D3}.Debug|x86.Build.0 = Debug|Any CPU
		{8E9BC494-6962-48DC-BC55-4E159E5517D3}.Release|Any CPU.ActiveCfg = Release|Any CPU
		{8E9BC494-6962-48DC-BC55-4E159E5517D3}.Release|Any CPU.Build.0 = Release|Any CPU
		{8E9BC494-6962-48DC-BC55-4E159E5517D3}.Release|x86.ActiveCfg = Release|Any CPU
		{8E9BC494-6962-48DC-BC55-4E159E5517D3}.Release|x86.Build.0 = Release|Any CPU
		{A83C017E-6A29-4039-8970-46AB95BEE619}.Debug|Any CPU.ActiveCfg = Debug|Any CPU
		{A83C017E-6A29-4039-8970-46AB95BEE619}.Debug|Any CPU.Build.0 = Debug|Any CPU
		{A83C017E-6A29-4039-8970-46AB95BEE619}.Debug|x86.ActiveCfg = Debug|Any CPU
		{A83C017E-6A29-4039-8970-46AB95BEE619}.Debug|x86.Build.0 = Debug|Any CPU
		{A83C017E-6A29-4039-8970-46AB95BEE619}.Release|Any CPU.ActiveCfg = Release|Any CPU
		{A83C017E-6A29-4039-8970-46AB95BEE619}.Release|Any CPU.Build.0 = Release|Any CPU
		{A83C017E-6A29-4039-8970-46AB95BEE619}.Release|x86.ActiveCfg = Release|Any CPU
		{A83C017E-6A29-4039-8970-46AB95BEE619}.Release|x86.Build.0 = Release|Any CPU
		{8F1E0A08-4CBE-4190-BFEE-5E911A7C794A}.Debug|Any CPU.ActiveCfg = Debug|Any CPU
		{8F1E0A08-4CBE-4190-BFEE-5E911A7C794A}.Debug|Any CPU.Build.0 = Debug|Any CPU
		{8F1E0A08-4CBE-4190-BFEE-5E911A7C794A}.Debug|x86.ActiveCfg = Debug|Any CPU
		{8F1E0A08-4CBE-4190-BFEE-5E911A7C794A}.Debug|x86.Build.0 = Debug|Any CPU
		{8F1E0A08-4CBE-4190-BFEE-5E911A7C794A}.Release|Any CPU.ActiveCfg = Release|Any CPU
		{8F1E0A08-4CBE-4190-BFEE-5E911A7C794A}.Release|Any CPU.Build.0 = Release|Any CPU
		{8F1E0A08-4CBE-4190-BFEE-5E911A7C794A}.Release|x86.ActiveCfg = Release|Any CPU
		{8F1E0A08-4CBE-4190-BFEE-5E911A7C794A}.Release|x86.Build.0 = Release|Any CPU
		{F9662BC3-EE4B-421D-A5CB-0FBECAA1114B}.Debug|Any CPU.ActiveCfg = Debug|Any CPU
		{F9662BC3-EE4B-421D-A5CB-0FBECAA1114B}.Debug|Any CPU.Build.0 = Debug|Any CPU
		{F9662BC3-EE4B-421D-A5CB-0FBECAA1114B}.Debug|x86.ActiveCfg = Debug|Any CPU
		{F9662BC3-EE4B-421D-A5CB-0FBECAA1114B}.Debug|x86.Build.0 = Debug|Any CPU
		{F9662BC3-EE4B-421D-A5CB-0FBECAA1114B}.Release|Any CPU.ActiveCfg = Release|Any CPU
		{F9662BC3-EE4B-421D-A5CB-0FBECAA1114B}.Release|Any CPU.Build.0 = Release|Any CPU
		{F9662BC3-EE4B-421D-A5CB-0FBECAA1114B}.Release|x86.ActiveCfg = Release|Any CPU
		{F9662BC3-EE4B-421D-A5CB-0FBECAA1114B}.Release|x86.Build.0 = Release|Any CPU
		{6289547F-203C-4A66-8505-471BEB312D0D}.Debug|Any CPU.ActiveCfg = Debug|Any CPU
		{6289547F-203C-4A66-8505-471BEB312D0D}.Debug|Any CPU.Build.0 = Debug|Any CPU
		{6289547F-203C-4A66-8505-471BEB312D0D}.Debug|x86.ActiveCfg = Debug|Any CPU
		{6289547F-203C-4A66-8505-471BEB312D0D}.Debug|x86.Build.0 = Debug|Any CPU
		{6289547F-203C-4A66-8505-471BEB312D0D}.Release|Any CPU.ActiveCfg = Release|Any CPU
		{6289547F-203C-4A66-8505-471BEB312D0D}.Release|Any CPU.Build.0 = Release|Any CPU
		{6289547F-203C-4A66-8505-471BEB312D0D}.Release|x86.ActiveCfg = Release|Any CPU
		{6289547F-203C-4A66-8505-471BEB312D0D}.Release|x86.Build.0 = Release|Any CPU
		{F388A1AC-8000-4BB0-AFE7-64EFEDD904FD}.Debug|Any CPU.ActiveCfg = Debug|Any CPU
		{F388A1AC-8000-4BB0-AFE7-64EFEDD904FD}.Debug|Any CPU.Build.0 = Debug|Any CPU
		{F388A1AC-8000-4BB0-AFE7-64EFEDD904FD}.Debug|x86.ActiveCfg = Debug|Any CPU
		{F388A1AC-8000-4BB0-AFE7-64EFEDD904FD}.Debug|x86.Build.0 = Debug|Any CPU
		{F388A1AC-8000-4BB0-AFE7-64EFEDD904FD}.Release|Any CPU.ActiveCfg = Release|Any CPU
		{F388A1AC-8000-4BB0-AFE7-64EFEDD904FD}.Release|Any CPU.Build.0 = Release|Any CPU
		{F388A1AC-8000-4BB0-AFE7-64EFEDD904FD}.Release|x86.ActiveCfg = Release|Any CPU
		{F388A1AC-8000-4BB0-AFE7-64EFEDD904FD}.Release|x86.Build.0 = Release|Any CPU
		{FF407D2F-0BF1-43D0-9CD1-50ECB5CA0AA9}.Debug|Any CPU.ActiveCfg = Debug|Any CPU
		{FF407D2F-0BF1-43D0-9CD1-50ECB5CA0AA9}.Debug|Any CPU.Build.0 = Debug|Any CPU
		{FF407D2F-0BF1-43D0-9CD1-50ECB5CA0AA9}.Debug|x86.ActiveCfg = Debug|Any CPU
		{FF407D2F-0BF1-43D0-9CD1-50ECB5CA0AA9}.Debug|x86.Build.0 = Debug|Any CPU
		{FF407D2F-0BF1-43D0-9CD1-50ECB5CA0AA9}.Release|Any CPU.ActiveCfg = Release|Any CPU
		{FF407D2F-0BF1-43D0-9CD1-50ECB5CA0AA9}.Release|Any CPU.Build.0 = Release|Any CPU
		{FF407D2F-0BF1-43D0-9CD1-50ECB5CA0AA9}.Release|x86.ActiveCfg = Release|Any CPU
		{FF407D2F-0BF1-43D0-9CD1-50ECB5CA0AA9}.Release|x86.Build.0 = Release|Any CPU
		{7808905A-F3E9-43F7-9213-2ADED9F6834A}.Debug|Any CPU.ActiveCfg = Debug|Any CPU
		{7808905A-F3E9-43F7-9213-2ADED9F6834A}.Debug|Any CPU.Build.0 = Debug|Any CPU
		{7808905A-F3E9-43F7-9213-2ADED9F6834A}.Debug|x86.ActiveCfg = Debug|Any CPU
		{7808905A-F3E9-43F7-9213-2ADED9F6834A}.Debug|x86.Build.0 = Debug|Any CPU
		{7808905A-F3E9-43F7-9213-2ADED9F6834A}.Release|Any CPU.ActiveCfg = Release|Any CPU
		{7808905A-F3E9-43F7-9213-2ADED9F6834A}.Release|Any CPU.Build.0 = Release|Any CPU
		{7808905A-F3E9-43F7-9213-2ADED9F6834A}.Release|x86.ActiveCfg = Release|Any CPU
		{7808905A-F3E9-43F7-9213-2ADED9F6834A}.Release|x86.Build.0 = Release|Any CPU
		{8009ADEC-B464-4E95-A52F-BEDBEF2253CC}.Debug|Any CPU.ActiveCfg = Debug|Any CPU
		{8009ADEC-B464-4E95-A52F-BEDBEF2253CC}.Debug|Any CPU.Build.0 = Debug|Any CPU
		{8009ADEC-B464-4E95-A52F-BEDBEF2253CC}.Debug|x86.ActiveCfg = Debug|Any CPU
		{8009ADEC-B464-4E95-A52F-BEDBEF2253CC}.Debug|x86.Build.0 = Debug|Any CPU
		{8009ADEC-B464-4E95-A52F-BEDBEF2253CC}.Release|Any CPU.ActiveCfg = Release|Any CPU
		{8009ADEC-B464-4E95-A52F-BEDBEF2253CC}.Release|Any CPU.Build.0 = Release|Any CPU
		{8009ADEC-B464-4E95-A52F-BEDBEF2253CC}.Release|x86.ActiveCfg = Release|Any CPU
		{8009ADEC-B464-4E95-A52F-BEDBEF2253CC}.Release|x86.Build.0 = Release|Any CPU
		{A69FF8F2-2405-4B6D-9CFC-5D2C86A8CB6A}.Debug|Any CPU.ActiveCfg = Debug|Any CPU
		{A69FF8F2-2405-4B6D-9CFC-5D2C86A8CB6A}.Debug|Any CPU.Build.0 = Debug|Any CPU
		{A69FF8F2-2405-4B6D-9CFC-5D2C86A8CB6A}.Debug|x86.ActiveCfg = Debug|Any CPU
		{A69FF8F2-2405-4B6D-9CFC-5D2C86A8CB6A}.Debug|x86.Build.0 = Debug|Any CPU
		{A69FF8F2-2405-4B6D-9CFC-5D2C86A8CB6A}.Release|Any CPU.ActiveCfg = Release|Any CPU
		{A69FF8F2-2405-4B6D-9CFC-5D2C86A8CB6A}.Release|Any CPU.Build.0 = Release|Any CPU
		{A69FF8F2-2405-4B6D-9CFC-5D2C86A8CB6A}.Release|x86.ActiveCfg = Release|Any CPU
		{A69FF8F2-2405-4B6D-9CFC-5D2C86A8CB6A}.Release|x86.Build.0 = Release|Any CPU
		{3ED89888-D69D-4709-93C2-BA242249B245}.Debug|Any CPU.ActiveCfg = Debug|Any CPU
		{3ED89888-D69D-4709-93C2-BA242249B245}.Debug|Any CPU.Build.0 = Debug|Any CPU
		{3ED89888-D69D-4709-93C2-BA242249B245}.Debug|x86.ActiveCfg = Debug|Any CPU
		{3ED89888-D69D-4709-93C2-BA242249B245}.Debug|x86.Build.0 = Debug|Any CPU
		{3ED89888-D69D-4709-93C2-BA242249B245}.Release|Any CPU.ActiveCfg = Release|Any CPU
		{3ED89888-D69D-4709-93C2-BA242249B245}.Release|Any CPU.Build.0 = Release|Any CPU
		{3ED89888-D69D-4709-93C2-BA242249B245}.Release|x86.ActiveCfg = Release|Any CPU
		{3ED89888-D69D-4709-93C2-BA242249B245}.Release|x86.Build.0 = Release|Any CPU
	EndGlobalSection
	GlobalSection(SolutionProperties) = preSolution
		HideSolutionNode = FALSE
	EndGlobalSection
	GlobalSection(ExtensibilityGlobals) = postSolution
		SolutionGuid = {358C91BE-43B0-48E4-86AF-B13BFC509EB1}
	EndGlobalSection
EndGlobal
